{
    "name": "reports",
    "version": "0.0.1",
    "lockfileVersion": 3,
    "requires": true,
    "packages": {
        "": {
            "name": "reports",
            "version": "0.0.1",
            "dependencies": {
                "reports": "file:"
            }
        },
        "node_modules/reports": {
            "resolved": "",
            "link": true
        }
    }
}
